// !$*UTF8*$!
{
	archiveVersion = 1;
	classes = {
	};
	objectVersion = 77;
	objects = {

/* Begin PBXBuildFile section */
		061882A47C9367647927332C /* SessionModel.swift in Sources */ = {isa = PBXBuildFile; fileRef = 2621AD1D41F0781CFC236850 /* SessionModel.swift */; };
		3E4571858EED8764C67C6F2B /* StreamClient.swift in Sources */ = {isa = PBXBuildFile; fileRef = 0C4C74336945359CCE2381BE /* StreamClient.swift */; };
		5F97CD9E355F0A0D9A2091CC /* ARViewContainer.swift in Sources */ = {isa = PBXBuildFile; fileRef = B0E11B2339DA711168B79843 /* ARViewContainer.swift */; };
		6F49CAA05709AC5619F61568 /* ContentView.swift in Sources */ = {isa = PBXBuildFile; fileRef = 981922F7523E48CDE6423BCE /* ContentView.swift */; };
		D00948086DA93CE8DE4AE0C0 /* Assets.xcassets in Resources */ = {isa = PBXBuildFile; fileRef = 74E6739B4619BE8C57B10994 /* Assets.xcassets */; };
		EC48F59767B6EA2479FB14F4 /* LiDARMapPreviewApp.swift in Sources */ = {isa = PBXBuildFile; fileRef = E370B301A0F42BB19F99CC8C /* LiDARMapPreviewApp.swift */; };
/* End PBXBuildFile section */

/* Begin PBXFileReference section */
		0C4C74336945359CCE2381BE /* StreamClient.swift */ = {isa = PBXFileReference; lastKnownFileType = sourcecode.swift; path = StreamClient.swift; sourceTree = "<group>"; };
		2621AD1D41F0781CFC236850 /* SessionModel.swift */ = {isa = PBXFileReference; lastKnownFileType = sourcecode.swift; path = SessionModel.swift; sourceTree = "<group>"; };
		74E6739B4619BE8C57B10994 /* Assets.xcassets */ = {isa = PBXFileReference; lastKnownFileType = folder.assetcatalog; path = Assets.xcassets; sourceTree = "<group>"; };
		841F71307E422E204D68B533 /* LiDARMapPreview.app */ = {isa = PBXFileReference; includeInIndex = 0; lastKnownFileType = wrapper.application; path = LiDARMapPreview.app; sourceTree = BUILT_PRODUCTS_DIR; };
		981922F7523E48CDE6423BCE /* ContentView.swift */ = {isa = PBXFileReference; lastKnownFileType = sourcecode.swift; path = ContentView.swift; sourceTree = "<group>"; };
		B0E11B2339DA711168B79843 /* ARViewContainer.swift */ = {isa = PBXFileReference; lastKnownFileType = sourcecode.swift; path = ARViewContainer.swift; sourceTree = "<group>"; };
		E370B301A0F42BB19F99CC8C /* LiDARMapPreviewApp.swift */ = {isa = PBXFileReference; lastKnownFileType = sourcecode.swift; path = LiDARMapPreviewApp.swift; sourceTree = "<group>"; };
/* End PBXFileReference section */

/* Begin PBXGroup section */
		4A24D32C28542D3395671DF7 /* Resources */ = {
			isa = PBXGroup;
			children = (
				74E6739B4619BE8C57B10994 /* Assets.xcassets */,
			);
			path = Resources;
			sourceTree = "<group>";
		};
		591879F678A421F2E1788C73 /* Sources */ = {
			isa = PBXGroup;
			children = (
				B0E11B2339DA711168B79843 /* ARViewContainer.swift */,
				981922F7523E48CDE6423BCE /* ContentView.swift */,
				E370B301A0F42BB19F99CC8C /* LiDARMapPreviewApp.swift */,
				2621AD1D41F0781CFC236850 /* SessionModel.swift */,
				0C4C74336945359CCE2381BE /* StreamClient.swift */,
			);
			path = Sources;
			sourceTree = "<group>";
		};
		74CD751E1BB98B02D9341CC5 /* Products */ = {
			isa = PBXGroup;
			children = (
				841F71307E422E204D68B533 /* LiDARMapPreview.app */,
			);
			name = Products;
			sourceTree = "<group>";
		};
		88244C01AD1E7A312D5A8584 = {
			isa = PBXGroup;
			children = (
				4A24D32C28542D3395671DF7 /* Resources */,
				591879F678A421F2E1788C73 /* Sources */,
				74CD751E1BB98B02D9341CC5 /* Products */,
			);
			sourceTree = "<group>";
		};
/* End PBXGroup section */

/* Begin PBXNativeTarget section */
		B94F45E1A884A72BF55378E9 /* LiDARMapPreview */ = {
			isa = PBXNativeTarget;
			buildConfigurationList = 19FD4725C19E611A954B83EB /* Build configuration list for PBXNativeTarget "LiDARMapPreview" */;
			buildPhases = (
				611585C6F8C6835C45871144 /* Sources */,
				11D49EA3F1A435B42068006D /* Resources */,
			);
			buildRules = (
			);
			dependencies = (
			);
			name = LiDARMapPreview;
			packageProductDependencies = (
			);
			productName = LiDARMapPreview;
			productReference = 841F71307E422E204D68B533 /* LiDARMapPreview.app */;
			productType = "com.apple.product-type.application";
		};
/* End PBXNativeTarget section */

/* Begin PBXProject section */
		AFFF56C1530A3F5B8CEF8C1A /* Project object */ = {
			isa = PBXProject;
			attributes = {
				BuildIndependentTargetsInParallel = YES;
				LastUpgradeCheck = 1430;
				TargetAttributes = {
					B94F45E1A884A72BF55378E9 = {
						DevelopmentTeam = U69MC68Q72;
						ProvisioningStyle = Automatic;
					};
				};
			};
			buildConfigurationList = 65733A21A0A34BBE29CAB9F0 /* Build configuration list for PBXProject "LiDARMapPreview" */;
			developmentRegion = en;
			hasScannedForEncodings = 0;
			knownRegions = (
				Base,
				en,
			);
			mainGroup = 88244C01AD1E7A312D5A8584;
			minimizedProjectReferenceProxies = 1;
			preferredProjectObjectVersion = 77;
			productRefGroup = 74CD751E1BB98B02D9341CC5 /* Products */;
			projectDirPath = "";
			projectRoot = "";
			targets = (
				B94F45E1A884A72BF55378E9 /* LiDARMapPreview */,
			);
		};
/* End PBXProject section */

/* Begin PBXResourcesBuildPhase section */
		11D49EA3F1A435B42068006D /* Resources */ = {
			isa = PBXResourcesBuildPhase;
			buildActionMask = 2147483647;
			files = (
				D00948086DA93CE8DE4AE0C0 /* Assets.xcassets in Resources */,
			);
			runOnlyForDeploymentPostprocessing = 0;
		};
/* End PBXResourcesBuildPhase section */

/* Begin PBXSourcesBuildPhase section */
		611585C6F8C6835C45871144 /* Sources */ = {
			isa = PBXSourcesBuildPhase;
			buildActionMask = 2147483647;
			files = (
				5F97CD9E355F0A0D9A2091CC /* ARViewContainer.swift in Sources */,
				6F49CAA05709AC5619F61568 /* ContentView.swift in Sources */,
				EC48F59767B6EA2479FB14F4 /* LiDARMapPreviewApp.swift in Sources */,
				061882A47C9367647927332C /* SessionModel.swift in Sources */,
				3E4571858EED8764C67C6F2B /* StreamClient.swift in Sources */,
			);
			runOnlyForDeploymentPostprocessing = 0;
		};
/* End PBXSourcesBuildPhase section */

/* Begin XCBuildConfiguration section */
		0C859D215A8AEE6D7E41C571 /* Debug */ = {
			isa = XCBuildConfiguration;
			buildSettings = {
				ASSETCATALOG_COMPILER_APPICON_NAME = AppIcon;
				CODE_SIGN_IDENTITY = "iPhone Developer";
				INFOPLIST_FILE = Config/Info.plist;
				IPHONEOS_DEPLOYMENT_TARGET = 18.0;
				LD_RUNPATH_SEARCH_PATHS = (
					"$(inherited)",
					"@executable_path/Frameworks",
				);
				SDKROOT = iphoneos;
				SUPPORTS_MACCATALYST = NO;
				SUPPORTS_MAC_DESIGNED_FOR_IPHONE_IPAD = NO;
				TARGETED_DEVICE_FAMILY = 1;
			};
			name = Debug;
		};
		65603D5D6C757EAEB2531190 /* Debug */ = {
			isa = XCBuildConfiguration;
			buildSettings = {
				ALWAYS_SEARCH_USER_PATHS = NO;
				CLANG_ANALYZER_NONNULL = YES;
				CLANG_ANALYZER_NUMBER_OBJECT_CONVERSION = YES_AGGRESSIVE;
				CLANG_CXX_LANGUAGE_STANDARD = "gnu++14";
				CLANG_CXX_LIBRARY = "libc++";
				CLANG_ENABLE_MODULES = YES;
				CLANG_ENABLE_OBJC_ARC = YES;
				CLANG_ENABLE_OBJC_WEAK = YES;
				CLANG_WARN_BLOCK_CAPTURE_AUTORELEASING = YES;
				CLANG_WARN_BOOL_CONVERSION = YES;
				CLANG_WARN_COMMA = YES;
				CLANG_WARN_CONSTANT_CONVERSION = YES;
				CLANG_WARN_DEPRECATED_OBJC_IMPLEMENTATIONS = YES;
				CLANG_WARN_DIRECT_OBJC_ISA_USAGE = YES_ERROR;
				CLANG_WARN_DOCUMENTATION_COMMENTS = YES;
				CLANG_WARN_EMPTY_BODY = YES;
				CLANG_WARN_ENUM_CONVERSION = YES;
				CLANG_WARN_INFINITE_RECURSION = YES;
				CLANG_WARN_INT_CONVERSION = YES;
				CLANG_WARN_NON_LITERAL_NULL_CONVERSION = YES;
				CLANG_WARN_OBJC_IMPLICIT_RETAIN_SELF = YES;
				CLANG_WARN_OBJC_LITERAL_CONVERSION = YES;
				CLANG_WARN_OBJC_ROOT_CLASS = YES_ERROR;
				CLANG_WARN_QUOTED_INCLUDE_IN_FRAMEWORK_HEADER = YES;
				CLANG_WARN_RANGE_LOOP_ANALYSIS = YES;
				CLANG_WARN_STRICT_PROTOTYPES = YES;
				CLANG_WARN_SUSPICIOUS_MOVE = YES;
				CLANG_WARN_UNGUARDED_AVAILABILITY = YES_AGGRESSIVE;
				CLANG_WARN_UNREACHABLE_CODE = YES;
				CLANG_WARN__DUPLICATE_METHOD_MATCH = YES;
				CODE_SIGN_STYLE = Automatic;
				COPY_PHASE_STRIP = NO;
				CURRENT_PROJECT_VERSION = 1;
				DEBUG_INFORMATION_FORMAT = dwarf;
				DEVELOPMENT_TEAM = U69MC68Q72;
				ENABLE_STRICT_OBJC_MSGSEND = YES;
				ENABLE_TESTABILITY = YES;
				GCC_C_LANGUAGE_STANDARD = gnu11;
				GCC_DYNAMIC_NO_PIC = NO;
				GCC_NO_COMMON_BLOCKS = YES;
				GCC_OPTIMIZATION_LEVEL = 0;
				GCC_PREPROCESSOR_DEFINITIONS = (
					"$(inherited)",
					"DEBUG=1",
				);
				GCC_WARN_64_TO_32_BIT_CONVERSION = YES;
				GCC_WARN_ABOUT_RETURN_TYPE = YES_ERROR;
				GCC_WARN_UNDECLARED_SELECTOR = YES;
				GCC_WARN_UNINITIALIZED_AUTOS = YES_AGGRESSIVE;
				GCC_WARN_UNUSED_FUNCTION = YES;
				GCC_WARN_UNUSED_VARIABLE = YES;
				MARKETING_VERSION = 1.0;
				MTL_ENABLE_DEBUG_INFO = INCLUDE_SOURCE;
				MTL_FAST_MATH = YES;
				ONLY_ACTIVE_ARCH = YES;
				PRODUCT_BUNDLE_IDENTIFIER = com.xy.LiDARMapPreview;
				PRODUCT_NAME = LiDARMapPreview;
				SDKROOT = iphoneos;
				SWIFT_ACTIVE_COMPILATION_CONDITIONS = DEBUG;
				SWIFT_OPTIMIZATION_LEVEL = "-Onone";
				SWIFT_VERSION = 6.0;
				TARGETED_DEVICE_FAMILY = 1;
			};
			name = Debug;
		};
		89F4AD97CA43EDBB9D33AB6F /* Release */ = {
			isa = XCBuildConfiguration;
			buildSettings = {
				ASSETCATALOG_COMPILER_APPICON_NAME = AppIcon;
				CODE_SIGN_IDENTITY = "iPhone Developer";
				INFOPLIST_FILE = Config/Info.plist;
				IPHONEOS_DEPLOYMENT_TARGET = 18.0;
				LD_RUNPATH_SEARCH_PATHS = (
					"$(inherited)",
					"@executable_path/Frameworks",
				);
				SDKROOT = iphoneos;
				SUPPORTS_MACCATALYST = NO;
				SUPPORTS_MAC_DESIGNED_FOR_IPHONE_IPAD = NO;
				TARGETED_DEVICE_FAMILY = 1;
			};
			name = Release;
		};
		ECB4A9A35CA3F6A746BFB915 /* Release */ = {
			isa = XCBuildConfiguration;
			buildSettings = {
				ALWAYS_SEARCH_USER_PATHS = NO;
				CLANG_ANALYZER_NONNULL = YES;
				CLANG_ANALYZER_NUMBER_OBJECT_CONVERSION = YES_AGGRESSIVE;
				CLANG_CXX_LANGUAGE_STANDARD = "gnu++14";
				CLANG_CXX_LIBRARY = "libc++";
				CLANG_ENABLE_MODULES = YES;
				CLANG_ENABLE_OBJC_ARC = YES;
				CLANG_ENABLE_OBJC_WEAK = YES;
				CLANG_WARN_BLOCK_CAPTURE_AUTORELEASING = YES;
				CLANG_WARN_BOOL_CONVERSION = YES;
				CLANG_WARN_COMMA = YES;
				CLANG_WARN_CONSTANT_CONVERSION = YES;
				CLANG_WARN_DEPRECATED_OBJC_IMPLEMENTATIONS = YES;
				CLANG_WARN_DIRECT_OBJC_ISA_USAGE = YES_ERROR;
				CLANG_WARN_DOCUMENTATION_COMMENTS = YES;
				CLANG_WARN_EMPTY_BODY = YES;
				CLANG_WARN_ENUM_CONVERSION = YES;
				CLANG_WARN_INFINITE_RECURSION = YES;
				CLANG_WARN_INT_CONVERSION = YES;
				CLANG_WARN_NON_LITERAL_NULL_CONVERSION = YES;
				CLANG_WARN_OBJC_IMPLICIT_RETAIN_SELF = YES;
				CLANG_WARN_OBJC_LITERAL_CONVERSION = YES;
				CLANG_WARN_OBJC_ROOT_CLASS = YES_ERROR;
				CLANG_WARN_QUOTED_INCLUDE_IN_FRAMEWORK_HEADER = YES;
				CLANG_WARN_RANGE_LOOP_ANALYSIS = YES;
				CLANG_WARN_STRICT_PROTOTYPES = YES;
				CLANG_WARN_SUSPICIOUS_MOVE = YES;
				CLANG_WARN_UNGUARDED_AVAILABILITY = YES_AGGRESSIVE;
				CLANG_WARN_UNREACHABLE_CODE = YES;
				CLANG_WARN__DUPLICATE_METHOD_MATCH = YES;
				CODE_SIGN_STYLE = Automatic;
				COPY_PHASE_STRIP = NO;
				CURRENT_PROJECT_VERSION = 1;
				DEBUG_INFORMATION_FORMAT = "dwarf-with-dsym";
				DEVELOPMENT_TEAM = U69MC68Q72;
				ENABLE_NS_ASSERTIONS = NO;
				ENABLE_STRICT_OBJC_MSGSEND = YES;
				GCC_C_LANGUAGE_STANDARD = gnu11;
				GCC_NO_COMMON_BLOCKS = YES;
				GCC_WARN_64_TO_32_BIT_CONVERSION = YES;
				GCC_WARN_ABOUT_RETURN_TYPE = YES_ERROR;
				GCC_WARN_UNDECLARED_SELECTOR = YES;
				GCC_WARN_UNINITIALIZED_AUTOS = YES_AGGRESSIVE;
				GCC_WARN_UNUSED_FUNCTION = YES;
				GCC_WARN_UNUSED_VARIABLE = YES;
				MARKETING_VERSION = 1.0;
				MTL_ENABLE_DEBUG_INFO = NO;
				MTL_FAST_MATH = YES;
				PRODUCT_BUNDLE_IDENTIFIER = com.xy.LiDARMapPreview;
				PRODUCT_NAME = LiDARMapPreview;
				SDKROOT = iphoneos;
				SWIFT_COMPILATION_MODE = wholemodule;
				SWIFT_OPTIMIZATION_LEVEL = "-O";
				SWIFT_VERSION = 6.0;
				TARGETED_DEVICE_FAMILY = 1;
			};
			name = Release;
		};
/* End XCBuildConfiguration section */

/* Begin XCConfigurationList section */
		19FD4725C19E611A954B83EB /* Build configuration list for PBXNativeTarget "LiDARMapPreview" */ = {
			isa = XCConfigurationList;
			buildConfigurations = (
				0C859D215A8AEE6D7E41C571 /* Debug */,
				89F4AD97CA43EDBB9D33AB6F /* Release */,
			);
			defaultConfigurationIsVisible = 0;
			defaultConfigurationName = Debug;
		};
		65733A21A0A34BBE29CAB9F0 /* Build configuration list for PBXProject "LiDARMapPreview" */ = {
			isa = XCConfigurationList;
			buildConfigurations = (
				65603D5D6C757EAEB2531190 /* Debug */,
				ECB4A9A35CA3F6A746BFB915 /* Release */,
			);
			defaultConfigurationIsVisible = 0;
			defaultConfigurationName = Debug;
		};
/* End XCConfigurationList section */
	};
	rootObject = AFFF56C1530A3F5B8CEF8C1A /* Project object */;
}
